
Microsoft Visual Studio Solution File, Format Version 12.00
# Visual Studio Version 16
VisualStudioVersion = 16.0.28803.352
MinimumVisualStudioVersion = 10.0.40219.1
Project("{9A19103F-16F7-4668-BE54-9A1E7A4F7556}") = "REST.Api", "REST.Api\REST.Api.csproj", "{15679EDD-C525-42EC-84EF-4AD2C7234515}"
EndProject
Project("{9A19103F-16F7-4668-BE54-9A1E7A4F7556}") = "REST.Data", "REST.Data\REST.Data.csproj", "{9984B319-CF01-48A5-ABD6-74E83D07542D}"
EndProject
Project("{9A19103F-16F7-4668-BE54-9A1E7A4F7556}") = "REST.Core", "REST.Core\REST.Core.csproj", "{93C94D6C-616A-4248-914F-4E59E7BBA056}"
EndProject
Project("{2150E333-8FDC-42A3-9474-1A3956D46DE8}") = "tests", "tests", "{1D6B867C-240E-4EEF-ACEC-EADC49BAD53A}"
EndProject
Project("{FAE04EC0-301F-11D3-BF4B-00C04F79EFBC}") = "REST.Tests", "tests\REST.Tests\REST.Tests.csproj", "{ADCC7AB1-7ECB-41C9-BC85-2BE173089146}"
EndProject
Global
	GlobalSection(SolutionConfigurationPlatforms) = preSolution
		Debug|Any CPU = Debug|Any CPU
		Release|Any CPU = Release|Any CPU
	EndGlobalSection
	GlobalSection(ProjectConfigurationPlatforms) = postSolution
		{15679EDD-C525-42EC-84EF-4AD2C7234515}.Debug|Any CPU.ActiveCfg = Debug|Any CPU
		{15679EDD-C525-42EC-84EF-4AD2C7234515}.Debug|Any CPU.Build.0 = Debug|Any CPU
		{15679EDD-C525-42EC-84EF-4AD2C7234515}.Release|Any CPU.ActiveCfg = Release|Any CPU
		{15679EDD-C525-42EC-84EF-4AD2C7234515}.Release|Any CPU.Build.0 = Release|Any CPU
		{9984B319-CF01-48A5-ABD6-74E83D07542D}.Debug|Any CPU.ActiveCfg = Debug|Any CPU
		{9984B319-CF01-48A5-ABD6-74E83D07542D}.Debug|Any CPU.Build.0 = Debug|Any CPU
		{9984B319-CF01-48A5-ABD6-74E83D07542D}.Release|Any CPU.ActiveCfg = Release|Any CPU
		{9984B319-CF01-48A5-ABD6-74E83D07542D}.Release|Any CPU.Build.0 = Release|Any CPU
		{93C94D6C-616A-4248-914F-4E59E7BBA056}.Debug|Any CPU.ActiveCfg = Debug|Any CPU
		{93C94D6C-616A-4248-914F-4E59E7BBA056}.Debug|Any CPU.Build.0 = Debug|Any CPU
		{93C94D6C-616A-4248-914F-4E59E7BBA056}.Release|Any CPU.ActiveCfg = Release|Any CPU
		{93C94D6C-616A-4248-914F-4E59E7BBA056}.Release|Any CPU.Build.0 = Release|Any CPU
		{ADCC7AB1-7ECB-41C9-BC85-2BE173089146}.Debug|Any CPU.ActiveCfg = Debug|Any CPU
		{ADCC7AB1-7ECB-41C9-BC85-2BE173089146}.Debug|Any CPU.Build.0 = Debug|Any CPU
		{ADCC7AB1-7ECB-41C9-BC85-2BE173089146}.Release|Any CPU.ActiveCfg = Release|Any CPU
		{ADCC7AB1-7ECB-41C9-BC85-2BE173089146}.Release|Any CPU.Build.0 = Release|Any CPU
	EndGlobalSection
	GlobalSection(SolutionProperties) = preSolution
		HideSolutionNode = FALSE
	EndGlobalSection
	GlobalSection(NestedProjects) = preSolution
		{ADCC7AB1-7ECB-41C9-BC85-2BE173089146} = {1D6B867C-240E-4EEF-ACEC-EADC49BAD53A}
	EndGlobalSection
	GlobalSection(ExtensibilityGlobals) = postSolution
		SolutionGuid = {5DB8468F-E8A8-4BA6-B909-6CB8460EFFF6}
	EndGlobalSection
EndGlobal
